# This file is autogenerated, do not edit; changes may be undone by the next 'dep ensure'.


[[projects]]
  branch = "master"
  name = "gonum.org/v1/hdf5"
  packages = ["."]
  revision = "f905cf71b6d6c611115f7cd956e28d199ae334f1"

[solve-meta]
  analyzer-name = "dep"
  analyzer-version = 1
  inputs-digest = "333c4bc76f95fb4c9bee0dc9a258ea93ebe8ca89409528c22a7cf50bfaa1f9f1"
  solver-name = "gps-cdcl"
  solver-version = 1
